
Microsoft Visual Studio Solution File, Format Version 12.00
# Visual Studio Version 17
VisualStudioVersion = 17.11.35327.3
MinimumVisualStudioVersion = 10.0.40219.1
Project("{FAE04EC0-301F-11D3-BF4B-00C04F79EFBC}") = "BlazorApp1", "BlazorApp1\BlazorApp1.csproj", "{5F789B5F-91AD-4C89-8CA8-D989B7B9F549}"
EndProject
Global
	GlobalSection(SolutionConfigurationPlatforms) = preSolution
		Debug|Any CPU = Debug|Any CPU
		Release|Any CPU = Release|Any CPU
	EndGlobalSection
	GlobalSection(ProjectConfigurationPlatforms) = postSolution
		{5F789B5F-91AD-4C89-8CA8-D989B7B9F549}.Debug|Any CPU.ActiveCfg = Debug|Any CPU
		{5F789B5F-91AD-4C89-8CA8-D989B7B9F549}.Debug|Any CPU.Build.0 = Debug|Any CPU
		{5F789B5F-91AD-4C89-8CA8-D989B7B9F549}.Release|Any CPU.ActiveCfg = Release|Any CPU
		{5F789B5F-91AD-4C89-8CA8-D989B7B9F549}.Release|Any CPU.Build.0 = Release|Any CPU
	EndGlobalSection
	GlobalSection(SolutionProperties) = preSolution
		HideSolutionNode = FALSE
	EndGlobalSection
	GlobalSection(ExtensibilityGlobals) = postSolution
		SolutionGuid = {C358595D-7F39-4C1E-AC85-77692EE838B0}
	EndGlobalSection
EndGlobal
